// !$*UTF8*$!
{
	archiveVersion = 1;
	classes = {
	};
	objectVersion = 50;
	objects = {

/* Begin PBXBuildFile section */
		FB7935FB2135C60500ED6F44 /* AppDelegate.swift in Sources */ = {isa = PBXBuildFile; fileRef = FB7935FA2135C60500ED6F44 /* AppDelegate.swift */; };
		FB7935FD2135C60500ED6F44 /* ViewController.swift in Sources */ = {isa = PBXBuildFile; fileRef = FB7935FC2135C60500ED6F44 /* ViewController.swift */; };
		FB7936002135C60500ED6F44 /* Main.storyboard in Resources */ = {isa = PBXBuildFile; fileRef = FB7935FE2135C60500ED6F44 /* Main.storyboard */; };
		FB7936022135C60800ED6F44 /* Assets.xcassets in Resources */ = {isa = PBXBuildFile; fileRef = FB7936012135C60800ED6F44 /* Assets.xcassets */; };
		FB7936052135C60800ED6F44 /* LaunchScreen.storyboard in Resources */ = {isa = PBXBuildFile; fileRef = FB7936032135C60800ED6F44 /* LaunchScreen.storyboard */; };
		FB7936102135C60800ED6F44 /* MarvelHeroesAppTests.swift in Sources */ = {isa = PBXBuildFile; fileRef = FB79360F2135C60800ED6F44 /* MarvelHeroesAppTests.swift */; };
/* End PBXBuildFile section */

/* Begin PBXContainerItemProxy section */
		FB79360C2135C60800ED6F44 /* PBXContainerItemProxy */ = {
			isa = PBXContainerItemProxy;
			containerPortal = FB7935EF2135C60500ED6F44 /* Project object */;
			proxyType = 1;
			remoteGlobalIDString = FB7935F62135C60500ED6F44;
			remoteInfo = MarvelHeroesApp;
		};
/* End PBXContainerItemProxy section */

/* Begin PBXFileReference section */
		FB7935F72135C60500ED6F44 /* MarvelHeroesApp.app */ = {isa = PBXFileReference; explicitFileType = wrapper.application; includeInIndex = 0; path = MarvelHeroesApp.app; sourceTree = BUILT_PRODUCTS_DIR; };
		FB7935FA2135C60500ED6F44 /* AppDelegate.swift */ = {isa = PBXFileReference; lastKnownFileType = sourcecode.swift; path = AppDelegate.swift; sourceTree = "<group>"; };
		FB7935FC2135C60500ED6F44 /* ViewController.swift */ = {isa = PBXFileReference; lastKnownFileType = sourcecode.swift; path = ViewController.swift; sourceTree = "<group>"; };
		FB7935FF2135C60500ED6F44 /* Base */ = {isa = PBXFileReference; lastKnownFileType = file.storyboard; name = Base; path = Base.lproj/Main.storyboard; sourceTree = "<group>"; };
		FB7936012135C60800ED6F44 /* Assets.xcassets */ = {isa = PBXFileReference; lastKnownFileType = folder.assetcatalog; path = Assets.xcassets; sourceTree = "<group>"; };
		FB7936042135C60800ED6F44 /* Base */ = {isa = PBXFileReference; lastKnownFileType = file.storyboard; name = Base; path = Base.lproj/LaunchScreen.storyboard; sourceTree = "<group>"; };
		FB7936062135C60800ED6F44 /* Info.plist */ = {isa = PBXFileReference; lastKnownFileType = text.plist.xml; path = Info.plist; sourceTree = "<group>"; };
		FB79360B2135C60800ED6F44 /* MarvelHeroesAppTests.xctest */ = {isa = PBXFileReference; explicitFileType = wrapper.cfbundle; includeInIndex = 0; path = MarvelHeroesAppTests.xctest; sourceTree = BUILT_PRODUCTS_DIR; };
		FB79360F2135C60800ED6F44 /* MarvelHeroesAppTests.swift */ = {isa = PBXFileReference; lastKnownFileType = sourcecode.swift; path = MarvelHeroesAppTests.swift; sourceTree = "<group>"; };
		FB7936112135C60800ED6F44 /* Info.plist */ = {isa = PBXFileReference; lastKnownFileType = text.plist.xml; path = Info.plist; sourceTree = "<group>"; };
/* End PBXFileReference section */

/* Begin PBXFrameworksBuildPhase section */
		FB7935F42135C60500ED6F44 /* Frameworks */ = {
			isa = PBXFrameworksBuildPhase;
			buildActionMask = 2147483647;
			files = (
			);
			runOnlyForDeploymentPostprocessing = 0;
		};
		FB7936082135C60800ED6F44 /* Frameworks */ = {
			isa = PBXFrameworksBuildPhase;
			buildActionMask = 2147483647;
			files = (
			);
			runOnlyForDeploymentPostprocessing = 0;
		};
/* End PBXFrameworksBuildPhase section */

/* Begin PBXGroup section */
		FB7935EE2135C60500ED6F44 = {
			isa = PBXGroup;
			children = (
				FB7935F92135C60500ED6F44 /* MarvelHeroesApp */,
				FB79360E2135C60800ED6F44 /* MarvelHeroesAppTests */,
				FB7935F82135C60500ED6F44 /* Products */,
			);
			sourceTree = "<group>";
		};
		FB7935F82135C60500ED6F44 /* Products */ = {
			isa = PBXGroup;
			children = (
				FB7935F72135C60500ED6F44 /* MarvelHeroesApp.app */,
				FB79360B2135C60800ED6F44 /* MarvelHeroesAppTests.xctest */,
			);
			name = Products;
			sourceTree = "<group>";
		};
		FB7935F92135C60500ED6F44 /* MarvelHeroesApp */ = {
			isa = PBXGroup;
			children = (
				FB7935FA2135C60500ED6F44 /* AppDelegate.swift */,
				FB7935FC2135C60500ED6F44 /* ViewController.swift */,
				FB7935FE2135C60500ED6F44 /* Main.storyboard */,
				FB7936012135C60800ED6F44 /* Assets.xcassets */,
				FB7936032135C60800ED6F44 /* LaunchScreen.storyboard */,
				FB7936062135C60800ED6F44 /* Info.plist */,
			);
			path = MarvelHeroesApp;
			sourceTree = "<group>";
		};
		FB79360E2135C60800ED6F44 /* MarvelHeroesAppTests */ = {
			isa = PBXGroup;
			children = (
				FB79360F2135C60800ED6F44 /* MarvelHeroesAppTests.swift */,
				FB7936112135C60800ED6F44 /* Info.plist */,
			);
			path = MarvelHeroesAppTests;
			sourceTree = "<group>";
		};
/* End PBXGroup section */

/* Begin PBXNativeTarget section */
		FB7935F62135C60500ED6F44 /* MarvelHeroesApp */ = {
			isa = PBXNativeTarget;
			buildConfigurationList = FB7936142135C60800ED6F44 /* Build configuration list for PBXNativeTarget "MarvelHeroesApp" */;
			buildPhases = (
				FB7935F32135C60500ED6F44 /* Sources */,
				FB7935F42135C60500ED6F44 /* Frameworks */,
				FB7935F52135C60500ED6F44 /* Resources */,
			);
			buildRules = (
			);
			dependencies = (
			);
			name = MarvelHeroesApp;
			productName = MarvelHeroesApp;
			productReference = FB7935F72135C60500ED6F44 /* MarvelHeroesApp.app */;
			productType = "com.apple.product-type.application";
		};
		FB79360A2135C60800ED6F44 /* MarvelHeroesAppTests */ = {
			isa = PBXNativeTarget;
			buildConfigurationList = FB7936172135C60800ED6F44 /* Build configuration list for PBXNativeTarget "MarvelHeroesAppTests" */;
			buildPhases = (
				FB7936072135C60800ED6F44 /* Sources */,
				FB7936082135C60800ED6F44 /* Frameworks */,
				FB7936092135C60800ED6F44 /* Resources */,
			);
			buildRules = (
			);
			dependencies = (
				FB79360D2135C60800ED6F44 /* PBXTargetDependency */,
			);
			name = MarvelHeroesAppTests;
			productName = MarvelHeroesAppTests;
			productReference = FB79360B2135C60800ED6F44 /* MarvelHeroesAppTests.xctest */;
			productType = "com.apple.product-type.bundle.unit-test";
		};
/* End PBXNativeTarget section */

/* Begin PBXProject section */
		FB7935EF2135C60500ED6F44 /* Project object */ = {
			isa = PBXProject;
			attributes = {
				LastSwiftUpdateCheck = 0940;
				LastUpgradeCheck = 0940;
				ORGANIZATIONNAME = andresgerace;
				TargetAttributes = {
					FB7935F62135C60500ED6F44 = {
						CreatedOnToolsVersion = 9.4.1;
					};
					FB79360A2135C60800ED6F44 = {
						CreatedOnToolsVersion = 9.4.1;
						TestTargetID = FB7935F62135C60500ED6F44;
					};
				};
			};
			buildConfigurationList = FB7935F22135C60500ED6F44 /* Build configuration list for PBXProject "MarvelHeroesApp" */;
			compatibilityVersion = "Xcode 9.3";
			developmentRegion = en;
			hasScannedForEncodings = 0;
			knownRegions = (
				en,
				Base,
			);
			mainGroup = FB7935EE2135C60500ED6F44;
			productRefGroup = FB7935F82135C60500ED6F44 /* Products */;
			projectDirPath = "";
			projectRoot = "";
			targets = (
				FB7935F62135C60500ED6F44 /* MarvelHeroesApp */,
				FB79360A2135C60800ED6F44 /* MarvelHeroesAppTests */,
			);
		};
/* End PBXProject section */

/* Begin PBXResourcesBuildPhase section */
		FB7935F52135C60500ED6F44 /* Resources */ = {
			isa = PBXResourcesBuildPhase;
			buildActionMask = 2147483647;
			files = (
				FB7936052135C60800ED6F44 /* LaunchScreen.storyboard in Resources */,
				FB7936022135C60800ED6F44 /* Assets.xcassets in Resources */,
				FB7936002135C60500ED6F44 /* Main.storyboard in Resources */,
			);
			runOnlyForDeploymentPostprocessing = 0;
		};
		FB7936092135C60800ED6F44 /* Resources */ = {
			isa = PBXResourcesBuildPhase;
			buildActionMask = 2147483647;
			files = (
			);
			runOnlyForDeploymentPostprocessing = 0;
		};
/* End PBXResourcesBuildPhase section */

/* Begin PBXSourcesBuildPhase section */
		FB7935F32135C60500ED6F44 /* Sources */ = {
			isa = PBXSourcesBuildPhase;
			buildActionMask = 2147483647;
			files = (
				FB7935FD2135C60500ED6F44 /* ViewController.swift in Sources */,
				FB7935FB2135C60500ED6F44 /* AppDelegate.swift in Sources */,
			);
			runOnlyForDeploymentPostprocessing = 0;
		};
		FB7936072135C60800ED6F44 /* Sources */ = {
			isa = PBXSourcesBuildPhase;
			buildActionMask = 2147483647;
			files = (
				FB7936102135C60800ED6F44 /* MarvelHeroesAppTests.swift in Sources */,
			);
			runOnlyForDeploymentPostprocessing = 0;
		};
/* End PBXSourcesBuildPhase section */

/* Begin PBXTargetDependency section */
		FB79360D2135C60800ED6F44 /* PBXTargetDependency */ = {
			isa = PBXTargetDependency;
			target = FB7935F62135C60500ED6F44 /* MarvelHeroesApp */;
			targetProxy = FB79360C2135C60800ED6F44 /* PBXContainerItemProxy */;
		};
/* End PBXTargetDependency section */

/* Begin PBXVariantGroup section */
		FB7935FE2135C60500ED6F44 /* Main.storyboard */ = {
			isa = PBXVariantGroup;
			children = (
				FB7935FF2135C60500ED6F44 /* Base */,
			);
			name = Main.storyboard;
			sourceTree = "<group>";
		};
		FB7936032135C60800ED6F44 /* LaunchScreen.storyboard */ = {
			isa = PBXVariantGroup;
			children = (
				FB7936042135C60800ED6F44 /* Base */,
			);
			name = LaunchScreen.storyboard;
			sourceTree = "<group>";
		};
/* End PBXVariantGroup section */

/* Begin XCBuildConfiguration section */
		FB7936122135C60800ED6F44 /* Debug */ = {
			isa = XCBuildConfiguration;
			buildSettings = {
				ALWAYS_SEARCH_USER_PATHS = NO;
				CLANG_ANALYZER_NONNULL = YES;
				CLANG_ANALYZER_NUMBER_OBJECT_CONVERSION = YES_AGGRESSIVE;
				CLANG_CXX_LANGUAGE_STANDARD = "gnu++14";
				CLANG_CXX_LIBRARY = "libc++";
				CLANG_ENABLE_MODULES = YES;
				CLANG_ENABLE_OBJC_ARC = YES;
				CLANG_ENABLE_OBJC_WEAK = YES;
				CLANG_WARN_BLOCK_CAPTURE_AUTORELEASING = YES;
				CLANG_WARN_BOOL_CONVERSION = YES;
				CLANG_WARN_COMMA = YES;
				CLANG_WARN_CONSTANT_CONVERSION = YES;
				CLANG_WARN_DEPRECATED_OBJC_IMPLEMENTATIONS = YES;
				CLANG_WARN_DIRECT_OBJC_ISA_USAGE = YES_ERROR;
				CLANG_WARN_DOCUMENTATION_COMMENTS = YES;
				CLANG_WARN_EMPTY_BODY = YES;
				CLANG_WARN_ENUM_CONVERSION = YES;
				CLANG_WARN_INFINITE_RECURSION = YES;
				CLANG_WARN_INT_CONVERSION = YES;
				CLANG_WARN_NON_LITERAL_NULL_CONVERSION = YES;
				CLANG_WARN_OBJC_IMPLICIT_RETAIN_SELF = YES;
				CLANG_WARN_OBJC_LITERAL_CONVERSION = YES;
				CLANG_WARN_OBJC_ROOT_CLASS = YES_ERROR;
				CLANG_WARN_RANGE_LOOP_ANALYSIS = YES;
				CLANG_WARN_STRICT_PROTOTYPES = YES;
				CLANG_WARN_SUSPICIOUS_MOVE = YES;
				CLANG_WARN_UNGUARDED_AVAILABILITY = YES_AGGRESSIVE;
				CLANG_WARN_UNREACHABLE_CODE = YES;
				CLANG_WARN__DUPLICATE_METHOD_MATCH = YES;
				CODE_SIGN_IDENTITY = "iPhone Developer";
				COPY_PHASE_STRIP = NO;
				DEBUG_INFORMATION_FORMAT = dwarf;
				ENABLE_STRICT_OBJC_MSGSEND = YES;
				ENABLE_TESTABILITY = YES;
				GCC_C_LANGUAGE_STANDARD = gnu11;
				GCC_DYNAMIC_NO_PIC = NO;
				GCC_NO_COMMON_BLOCKS = YES;
				GCC_OPTIMIZATION_LEVEL = 0;
				GCC_PREPROCESSOR_DEFINITIONS = (
					"DEBUG=1",
					"$(inherited)",
				);
				GCC_WARN_64_TO_32_BIT_CONVERSION = YES;
				GCC_WARN_ABOUT_RETURN_TYPE = YES_ERROR;
				GCC_WARN_UNDECLARED_SELECTOR = YES;
				GCC_WARN_UNINITIALIZED_AUTOS = YES_AGGRESSIVE;
				GCC_WARN_UNUSED_FUNCTION = YES;
				GCC_WARN_UNUSED_VARIABLE = YES;
				IPHONEOS_DEPLOYMENT_TARGET = 11.4;
				MTL_ENABLE_DEBUG_INFO = YES;
				ONLY_ACTIVE_ARCH = YES;
				SDKROOT = iphoneos;
				SWIFT_ACTIVE_COMPILATION_CONDITIONS = DEBUG;
				SWIFT_OPTIMIZATION_LEVEL = "-Onone";
			};
			name = Debug;
		};
		FB7936132135C60800ED6F44 /* Release */ = {
			isa = XCBuildConfiguration;
			buildSettings = {
				ALWAYS_SEARCH_USER_PATHS = NO;
				CLANG_ANALYZER_NONNULL = YES;
				CLANG_ANALYZER_NUMBER_OBJECT_CONVERSION = YES_AGGRESSIVE;
				CLANG_CXX_LANGUAGE_STANDARD = "gnu++14";
				CLANG_CXX_LIBRARY = "libc++";
				CLANG_ENABLE_MODULES = YES;
				CLANG_ENABLE_OBJC_ARC = YES;
				CLANG_ENABLE_OBJC_WEAK = YES;
				CLANG_WARN_BLOCK_CAPTURE_AUTORELEASING = YES;
				CLANG_WARN_BOOL_CONVERSION = YES;
				CLANG_WARN_COMMA = YES;
				CLANG_WARN_CONSTANT_CONVERSION = YES;
				CLANG_WARN_DEPRECATED_OBJC_IMPLEMENTATIONS = YES;
				CLANG_WARN_DIRECT_OBJC_ISA_USAGE = YES_ERROR;
				CLANG_WARN_DOCUMENTATION_COMMENTS = YES;
				CLANG_WARN_EMPTY_BODY = YES;
				CLANG_WARN_ENUM_CONVERSION = YES;
				CLANG_WARN_INFINITE_RECURSION = YES;
				CLANG_WARN_INT_CONVERSION = YES;
				CLANG_WARN_NON_LITERAL_NULL_CONVERSION = YES;
				CLANG_WARN_OBJC_IMPLICIT_RETAIN_SELF = YES;
				CLANG_WARN_OBJC_LITERAL_CONVERSION = YES;
				CLANG_WARN_OBJC_ROOT_CLASS = YES_ERROR;
				CLANG_WARN_RANGE_LOOP_ANALYSIS = YES;
				CLANG_WARN_STRICT_PROTOTYPES = YES;
				CLANG_WARN_SUSPICIOUS_MOVE = YES;
				CLANG_WARN_UNGUARDED_AVAILABILITY = YES_AGGRESSIVE;
				CLANG_WARN_UNREACHABLE_CODE = YES;
				CLANG_WARN__DUPLICATE_METHOD_MATCH = YES;
				CODE_SIGN_IDENTITY = "iPhone Developer";
				COPY_PHASE_STRIP = NO;
				DEBUG_INFORMATION_FORMAT = "dwarf-with-dsym";
				ENABLE_NS_ASSERTIONS = NO;
				ENABLE_STRICT_OBJC_MSGSEND = YES;
				GCC_C_LANGUAGE_STANDARD = gnu11;
				GCC_NO_COMMON_BLOCKS = YES;
				GCC_WARN_64_TO_32_BIT_CONVERSION = YES;
				GCC_WARN_ABOUT_RETURN_TYPE = YES_ERROR;
				GCC_WARN_UNDECLARED_SELECTOR = YES;
				GCC_WARN_UNINITIALIZED_AUTOS = YES_AGGRESSIVE;
				GCC_WARN_UNUSED_FUNCTION = YES;
				GCC_WARN_UNUSED_VARIABLE = YES;
				IPHONEOS_DEPLOYMENT_TARGET = 11.4;
				MTL_ENABLE_DEBUG_INFO = NO;
				SDKROOT = iphoneos;
				SWIFT_COMPILATION_MODE = wholemodule;
				SWIFT_OPTIMIZATION_LEVEL = "-O";
				VALIDATE_PRODUCT = YES;
			};
			name = Release;
		};
		FB7936152135C60800ED6F44 /* Debug */ = {
			isa = XCBuildConfiguration;
			buildSettings = {
				ASSETCATALOG_COMPILER_APPICON_NAME = AppIcon;
				CODE_SIGN_STYLE = Automatic;
				INFOPLIST_FILE = MarvelHeroesApp/Info.plist;
				LD_RUNPATH_SEARCH_PATHS = (
					"$(inherited)",
					"@executable_path/Frameworks",
				);
				PRODUCT_BUNDLE_IDENTIFIER = agerace.MarvelHeroesApp;
				PRODUCT_NAME = "$(TARGET_NAME)";
				SWIFT_VERSION = 4.0;
				TARGETED_DEVICE_FAMILY = "1,2";
			};
			name = Debug;
		};
		FB7936162135C60800ED6F44 /* Release */ = {
			isa = XCBuildConfiguration;
			buildSettings = {
				ASSETCATALOG_COMPILER_APPICON_NAME = AppIcon;
				CODE_SIGN_STYLE = Automatic;
				INFOPLIST_FILE = MarvelHeroesApp/Info.plist;
				LD_RUNPATH_SEARCH_PATHS = (
					"$(inherited)",
					"@executable_path/Frameworks",
				);
				PRODUCT_BUNDLE_IDENTIFIER = agerace.MarvelHeroesApp;
				PRODUCT_NAME = "$(TARGET_NAME)";
				SWIFT_VERSION = 4.0;
				TARGETED_DEVICE_FAMILY = "1,2";
			};
			name = Release;
		};
		FB7936182135C60800ED6F44 /* Debug */ = {
			isa = XCBuildConfiguration;
			buildSettings = {
				ALWAYS_EMBED_SWIFT_STANDARD_LIBRARIES = YES;
				BUNDLE_LOADER = "$(TEST_HOST)";
				CODE_SIGN_STYLE = Automatic;
				INFOPLIST_FILE = MarvelHeroesAppTests/Info.plist;
				LD_RUNPATH_SEARCH_PATHS = (
					"$(inherited)",
					"@executable_path/Frameworks",
					"@loader_path/Frameworks",
				);
				PRODUCT_BUNDLE_IDENTIFIER = agerace.MarvelHeroesAppTests;
				PRODUCT_NAME = "$(TARGET_NAME)";
				SWIFT_VERSION = 4.0;
				TARGETED_DEVICE_FAMILY = "1,2";
				TEST_HOST = "$(BUILT_PRODUCTS_DIR)/MarvelHeroesApp.app/MarvelHeroesApp";
			};
			name = Debug;
		};
		FB7936192135C60800ED6F44 /* Release */ = {
			isa = XCBuildConfiguration;
			buildSettings = {
				ALWAYS_EMBED_SWIFT_STANDARD_LIBRARIES = YES;
				BUNDLE_LOADER = "$(TEST_HOST)";
				CODE_SIGN_STYLE = Automatic;
				INFOPLIST_FILE = MarvelHeroesAppTests/Info.plist;
				LD_RUNPATH_SEARCH_PATHS = (
					"$(inherited)",
					"@executable_path/Frameworks",
					"@loader_path/Frameworks",
				);
				PRODUCT_BUNDLE_IDENTIFIER = agerace.MarvelHeroesAppTests;
				PRODUCT_NAME = "$(TARGET_NAME)";
				SWIFT_VERSION = 4.0;
				TARGETED_DEVICE_FAMILY = "1,2";
				TEST_HOST = "$(BUILT_PRODUCTS_DIR)/MarvelHeroesApp.app/MarvelHeroesApp";
			};
			name = Release;
		};
/* End XCBuildConfiguration section */

/* Begin XCConfigurationList section */
		FB7935F22135C60500ED6F44 /* Build configuration list for PBXProject "MarvelHeroesApp" */ = {
			isa = XCConfigurationList;
			buildConfigurations = (
				FB7936122135C60800ED6F44 /* Debug */,
				FB7936132135C60800ED6F44 /* Release */,
			);
			defaultConfigurationIsVisible = 0;
			defaultConfigurationName = Release;
		};
		FB7936142135C60800ED6F44 /* Build configuration list for PBXNativeTarget "MarvelHeroesApp" */ = {
			isa = XCConfigurationList;
			buildConfigurations = (
				FB7936152135C60800ED6F44 /* Debug */,
				FB7936162135C60800ED6F44 /* Release */,
			);
			defaultConfigurationIsVisible = 0;
			defaultConfigurationName = Release;
		};
		FB7936172135C60800ED6F44 /* Build configuration list for PBXNativeTarget "MarvelHeroesAppTests" */ = {
			isa = XCConfigurationList;
			buildConfigurations = (
				FB7936182135C60800ED6F44 /* Debug */,
				FB7936192135C60800ED6F44 /* Release */,
			);
			defaultConfigurationIsVisible = 0;
			defaultConfigurationName = Release;
		};
/* End XCConfigurationList section */
	};
	rootObject = FB7935EF2135C60500ED6F44 /* Project object */;
}
